
Microsoft Visual Studio Solution File, Format Version 12.00
# Visual Studio 2012
Project("{FAE04EC0-301F-11D3-BF4B-00C04F79EFBC}") = "studentguideapp", "studentguideapp\studentguideapp.csproj", "{021238F6-EE2A-42AC-A74E-5654FB344DEC}"
EndProject
Global
	GlobalSection(TeamFoundationVersionControl) = preSolution
		SccNumberOfProjects = 2
		SccEnterpriseProvider = {4CA58AB2-18FA-4F8D-95D4-32DDF27D184C}
		SccTeamFoundationServer = https://igadgetos.visualstudio.com/defaultcollection
		SccLocalPath0 = .
		SccProjectUniqueName1 = studentguideapp\\studentguideapp.csproj
		SccProjectName1 = studentguideapp
		SccLocalPath1 = studentguideapp
	EndGlobalSection
	GlobalSection(SolutionConfigurationPlatforms) = preSolution
		Debug|Any CPU = Debug|Any CPU
		Release|Any CPU = Release|Any CPU
	EndGlobalSection
	GlobalSection(ProjectConfigurationPlatforms) = postSolution
		{021238F6-EE2A-42AC-A74E-5654FB344DEC}.Debug|Any CPU.ActiveCfg = Debug|Any CPU
		{021238F6-EE2A-42AC-A74E-5654FB344DEC}.Debug|Any CPU.Build.0 = Debug|Any CPU
		{021238F6-EE2A-42AC-A74E-5654FB344DEC}.Debug|Any CPU.Deploy.0 = Debug|Any CPU
		{021238F6-EE2A-42AC-A74E-5654FB344DEC}.Release|Any CPU.ActiveCfg = Release|Any CPU
		{021238F6-EE2A-42AC-A74E-5654FB344DEC}.Release|Any CPU.Build.0 = Release|Any CPU
		{021238F6-EE2A-42AC-A74E-5654FB344DEC}.Release|Any CPU.Deploy.0 = Release|Any CPU
	EndGlobalSection
	GlobalSection(SolutionProperties) = preSolution
		HideSolutionNode = FALSE
	EndGlobalSection
EndGlobal
